
Microsoft Visual Studio Solution File, Format Version 12.00
# Visual Studio Version 17
VisualStudioVersion = 17.3.32811.315
MinimumVisualStudioVersion = 10.0.40219.1
Project("{FAE04EC0-301F-11D3-BF4B-00C04F79EFBC}") = "Sınıf Uygulması Örnek", "Sınıf Uygulması Örnek.csproj", "{945148B7-BCBD-457C-852A-FD908B9EB054}"
EndProject
Global
	GlobalSection(SolutionConfigurationPlatforms) = preSolution
		Debug|Any CPU = Debug|Any CPU
		Release|Any CPU = Release|Any CPU
	EndGlobalSection
	GlobalSection(ProjectConfigurationPlatforms) = postSolution
		{945148B7-BCBD-457C-852A-FD908B9EB054}.Debug|Any CPU.ActiveCfg = Debug|Any CPU
		{945148B7-BCBD-457C-852A-FD908B9EB054}.Debug|Any CPU.Build.0 = Debug|Any CPU
		{945148B7-BCBD-457C-852A-FD908B9EB054}.Release|Any CPU.ActiveCfg = Release|Any CPU
		{945148B7-BCBD-457C-852A-FD908B9EB054}.Release|Any CPU.Build.0 = Release|Any CPU
	EndGlobalSection
	GlobalSection(SolutionProperties) = preSolution
		HideSolutionNode = FALSE
	EndGlobalSection
	GlobalSection(ExtensibilityGlobals) = postSolution
		SolutionGuid = {B3A6596A-9BB2-4A68-B99F-E8DDDB1E09F0}
	EndGlobalSection
EndGlobal
